PODS:
  - Alamofire (4.8.1)
  - AVOSCloud (11.5.1)
  - Bugly (2.5.0)
  - CHTCollectionViewWaterfallLayout (0.9.7):
    - CHTCollectionViewWaterfallLayout/ObjC (= 0.9.7)
  - CHTCollectionViewWaterfallLayout/ObjC (0.9.7)
  - DateToolsSwift (4.0.0)
  - DZNEmptyDataSet (1.8.1)
  - FDFullscreenPopGesture (1.1)
  - FLEX (2.4.0)
  - IQKeyboardManagerSwift (6.2.0)
  - Kingfisher (4.10.1)
  - KVNProgress (2.3.5)
  - M13Checkbox (3.3.2)
  - MBProgressHUD (1.1.0)
  - MJRefresh (3.1.15.7)
  - MMParallaxCell (1.2)
  - MOBFoundation (3.2.2)
  - Reveal-iOS-SDK (1.6.2)
  - ShareSDK3 (4.0.4):
    - MOBFoundation
    - ShareSDK3/ShareSDK (= 4.0.4)
  - ShareSDK3/ShareSDK (4.0.4):
    - MOBFoundation
  - ShareSDK3/ShareSDKExtension (4.0.4):
    - MOBFoundation
  - ShareSDK3/ShareSDKPlatforms/Mail (4.0.4):
    - MOBFoundation
  - ShareSDK3/ShareSDKPlatforms/QQ (4.0.4):
    - MOBFoundation
  - ShareSDK3/ShareSDKPlatforms/SinaWeibo (4.0.4):
    - MOBFoundation
  - ShareSDK3/ShareSDKPlatforms/SMS (4.0.4):
    - MOBFoundation
  - ShareSDK3/ShareSDKPlatforms/WeChat (4.0.4):
    - MOBFoundation
  - ShareSDK3/ShareSDKUI (4.0.4):
    - MOBFoundation
  - SnapKit (4.2.0)
  - Spring (1.0.6)
  - SwiftyJSON (4.2.0)
  - YYCategories (1.0.4):
    - YYCategories/no-arc (= 1.0.4)
  - YYCategories/no-arc (1.0.4)
  - YYModel (1.0.4)
  - ZCAnimatedLabel (0.0.4)

DEPENDENCIES:
  - Alamofire
  - AVOSCloud
  - Bugly
  - CHTCollectionViewWaterfallLayout
  - DateToolsSwift
  - DZNEmptyDataSet
  - FDFullscreenPopGesture
  - FLEX
  - IQKeyboardManagerSwift
  - Kingfisher
  - KVNProgress
  - M13Checkbox
  - MBProgressHUD
  - MJRefresh
  - MMParallaxCell
  - MOBFoundation
  - Reveal-iOS-SDK
  - ShareSDK3
  - ShareSDK3/ShareSDKExtension
  - ShareSDK3/ShareSDKPlatforms/Mail
  - ShareSDK3/ShareSDKPlatforms/QQ
  - ShareSDK3/ShareSDKPlatforms/SinaWeibo
  - ShareSDK3/ShareSDKPlatforms/SMS
  - ShareSDK3/ShareSDKPlatforms/WeChat
  - ShareSDK3/ShareSDKUI
  - SnapKit
  - Spring (from `https://github.com/MengTo/Spring.git`)
  - SwiftyJSON
  - YYCategories
  - YYModel
  - ZCAnimatedLabel

SPEC REPOS:
  https://github.com/cocoapods/specs.git:
    - Alamofire
    - AVOSCloud
    - Bugly
    - CHTCollectionViewWaterfallLayout
    - DateToolsSwift
    - DZNEmptyDataSet
    - FDFullscreenPopGesture
    - FLEX
    - IQKeyboardManagerSwift
    - Kingfisher
    - KVNProgress
    - M13Checkbox
    - MBProgressHUD
    - MJRefresh
    - MMParallaxCell
    - MOBFoundation
    - Reveal-iOS-SDK
    - ShareSDK3
    - SnapKit
    - SwiftyJSON
    - YYCategories
    - YYModel
    - ZCAnimatedLabel

EXTERNAL SOURCES:
  Spring:
    :git: https://github.com/MengTo/Spring.git

CHECKOUT OPTIONS:
  Spring:
    :commit: fafd0b2e8d4d46405bd86fa7ba84bb7f73a20b13
    :git: https://github.com/MengTo/Spring.git

SPEC CHECKSUMS:
  Alamofire: 16ce2c353fb72865124ddae8a57c5942388f4f11
  AVOSCloud: 3a337ec2290fe3b4411cd4098895323bc5a1133c
  Bugly: 3ca9f255c01025582df26f9222893b383c7e4b4e
  CHTCollectionViewWaterfallLayout: 9d11068fafecac106695bb5a5d6d0f738483b598
  DateToolsSwift: 875d97ff9e3a5d54abdd67a269b3f51c757b71ab
  DZNEmptyDataSet: 9525833b9e68ac21c30253e1d3d7076cc828eaa7
  FDFullscreenPopGesture: a8a620179e3d9c40e8e00256dcee1c1a27c6d0f0
  FLEX: bd1a39e55b56bb413b6f1b34b3c10a0dc44ef079
  IQKeyboardManagerSwift: b07ccf9d8cafe993dcd6cb794eb4ba34611a0c4e
  Kingfisher: c148cd7b47ebde9989f6bc7c27dcaa79d81279a0
  KVNProgress: d7046cce142f1aeb740db39dc3cacfe910fac354
  M13Checkbox: d75dca81d61c9903e7f091f32b35a3254bc97dce
  MBProgressHUD: e7baa36a220447d8aeb12769bf0585582f3866d9
  MJRefresh: 697f8ec75ebdbe9207767bb682cf0f51b0d8a41f
  MMParallaxCell: 9c9045097743b725076c38ed2c53e3790e90bd14
  MOBFoundation: b5ff4038ddb9a0f06b685b86408f905a10aa147c
  Reveal-iOS-SDK: e2250b3c155bcfac53ae223ddc1f76d08f206c33
  ShareSDK3: 75b57bab0cbe3119e281c7668eaad9d48adf3fde
  SnapKit: fe8a619752f3f27075cc9a90244d75c6c3f27e2a
  Spring: 3d113f14575ef79aec9c5f906dfa4f5001c03254
  SwiftyJSON: c4bcba26dd9ec7a027fc8eade48e2c911f229e96
  YYCategories: 6bcd4314c6661a561410dce4a793379ebd306abd
  YYModel: 2a7fdd96aaa4b86a824e26d0c517de8928c04b30
  ZCAnimatedLabel: 519b688bef4403fd356bc785f9b61cdfd8e6472d

PODFILE CHECKSUM: cb11c448d64e01434f00fffbdc583a404dc23637

COCOAPODS: 1.6.1
